// !$*UTF8*$!
{
	archiveVersion = 1;
	classes = {
	};
	objectVersion = 46;
	objects = {

/* Begin PBXBuildFile section */
		5E06C342198E8EA700883319 /* CellTableViewCell.m in Sources */ = {isa = PBXBuildFile; fileRef = 5E06C341198E8EA600883319 /* CellTableViewCell.m */; };
		5E2F9A6A198B13DC002BB16B /* ParkViewController.m in Sources */ = {isa = PBXBuildFile; fileRef = 5E2F9A69198B13DC002BB16B /* ParkViewController.m */; };
		5E2F9A6C198B1814002BB16B /* CoreLocation.framework in Frameworks */ = {isa = PBXBuildFile; fileRef = 5E2F9A6B198B1814002BB16B /* CoreLocation.framework */; };
		5E2F9A6E198B1819002BB16B /* MapKit.framework in Frameworks */ = {isa = PBXBuildFile; fileRef = 5E2F9A6D198B1819002BB16B /* MapKit.framework */; };
		5E605604198DF5C3002DA794 /* AlarmViewController.m in Sources */ = {isa = PBXBuildFile; fileRef = 5E605603198DF5C3002DA794 /* AlarmViewController.m */; };
		5E605607198DF5EC002DA794 /* AppDelegate.m in Sources */ = {isa = PBXBuildFile; fileRef = 5E605606198DF5EC002DA794 /* AppDelegate.m */; };
		5E60560C198DF8D7002DA794 /* SocialViewController.m in Sources */ = {isa = PBXBuildFile; fileRef = 5E60560B198DF8D7002DA794 /* SocialViewController.m */; };
		5E7BA61C198424B300B1DC48 /* Foundation.framework in Frameworks */ = {isa = PBXBuildFile; fileRef = 5E7BA61B198424B300B1DC48 /* Foundation.framework */; };
		5E7BA61E198424B300B1DC48 /* CoreGraphics.framework in Frameworks */ = {isa = PBXBuildFile; fileRef = 5E7BA61D198424B300B1DC48 /* CoreGraphics.framework */; };
		5E7BA620198424B300B1DC48 /* UIKit.framework in Frameworks */ = {isa = PBXBuildFile; fileRef = 5E7BA61F198424B300B1DC48 /* UIKit.framework */; };
		5E7BA626198424B300B1DC48 /* InfoPlist.strings in Resources */ = {isa = PBXBuildFile; fileRef = 5E7BA624198424B300B1DC48 /* InfoPlist.strings */; };
		5E7BA628198424B300B1DC48 /* main.m in Sources */ = {isa = PBXBuildFile; fileRef = 5E7BA627198424B300B1DC48 /* main.m */; };
		5E7BA62F198424B300B1DC48 /* Main.storyboard in Resources */ = {isa = PBXBuildFile; fileRef = 5E7BA62D198424B300B1DC48 /* Main.storyboard */; };
		5E7BA632198424B300B1DC48 /* ViewController.m in Sources */ = {isa = PBXBuildFile; fileRef = 5E7BA631198424B300B1DC48 /* ViewController.m */; };
		5E7BA634198424B300B1DC48 /* Images.xcassets in Resources */ = {isa = PBXBuildFile; fileRef = 5E7BA633198424B300B1DC48 /* Images.xcassets */; };
		5E7BA63B198424B300B1DC48 /* XCTest.framework in Frameworks */ = {isa = PBXBuildFile; fileRef = 5E7BA63A198424B300B1DC48 /* XCTest.framework */; };
		5E7BA63C198424B300B1DC48 /* Foundation.framework in Frameworks */ = {isa = PBXBuildFile; fileRef = 5E7BA61B198424B300B1DC48 /* Foundation.framework */; };
		5E7BA63D198424B300B1DC48 /* UIKit.framework in Frameworks */ = {isa = PBXBuildFile; fileRef = 5E7BA61F198424B300B1DC48 /* UIKit.framework */; };
		5E7BA645198424B300B1DC48 /* InfoPlist.strings in Resources */ = {isa = PBXBuildFile; fileRef = 5E7BA643198424B300B1DC48 /* InfoPlist.strings */; };
		5E7BA647198424B300B1DC48 /* ParkMark_iOSTests.m in Sources */ = {isa = PBXBuildFile; fileRef = 5E7BA646198424B300B1DC48 /* ParkMark_iOSTests.m */; };
		5EA56790198BFDA700BCFBDB /* Parse.framework in Frameworks */ = {isa = PBXBuildFile; fileRef = 5EA5678F198BFDA700BCFBDB /* Parse.framework */; };
		5EA56792198BFE1500BCFBDB /* AudioToolbox.framework in Frameworks */ = {isa = PBXBuildFile; fileRef = 5EA56791198BFE1500BCFBDB /* AudioToolbox.framework */; };
		5EA56794198BFE4D00BCFBDB /* CFNetwork.framework in Frameworks */ = {isa = PBXBuildFile; fileRef = 5EA56793198BFE4D00BCFBDB /* CFNetwork.framework */; };
		5EA56798198BFE6F00BCFBDB /* MobileCoreServices.framework in Frameworks */ = {isa = PBXBuildFile; fileRef = 5EA56797198BFE6F00BCFBDB /* MobileCoreServices.framework */; };
		5EA5679A198BFE7700BCFBDB /* QuartzCore.framework in Frameworks */ = {isa = PBXBuildFile; fileRef = 5EA56799198BFE7700BCFBDB /* QuartzCore.framework */; };
		5EA5679C198BFE7E00BCFBDB /* Security.framework in Frameworks */ = {isa = PBXBuildFile; fileRef = 5EA5679B198BFE7E00BCFBDB /* Security.framework */; };
		5EA5679E198BFE8500BCFBDB /* StoreKit.framework in Frameworks */ = {isa = PBXBuildFile; fileRef = 5EA5679D198BFE8500BCFBDB /* StoreKit.framework */; };
		5EA567A0198BFE9100BCFBDB /* SystemConfiguration.framework in Frameworks */ = {isa = PBXBuildFile; fileRef = 5EA5679F198BFE9100BCFBDB /* SystemConfiguration.framework */; };
		5EA567A2198C065500BCFBDB /* libz.1.1.3.dylib in Frameworks */ = {isa = PBXBuildFile; fileRef = 5EA567A1198C065500BCFBDB /* libz.1.1.3.dylib */; };
		5EA567A8198CA91C00BCFBDB /* EventKit.framework in Frameworks */ = {isa = PBXBuildFile; fileRef = 5EA567A7198CA91C00BCFBDB /* EventKit.framework */; };
		5EA567AA198CA92100BCFBDB /* EventKitUI.framework in Frameworks */ = {isa = PBXBuildFile; fileRef = 5EA567A9198CA92100BCFBDB /* EventKitUI.framework */; };
		5EAC197F198B4EB1000AC240 /* MapViewController.m in Sources */ = {isa = PBXBuildFile; fileRef = 5EAC197E198B4EB1000AC240 /* MapViewController.m */; };
		BA92C83E198E89D4006908BB /* Social.framework in Frameworks */ = {isa = PBXBuildFile; fileRef = BA92C83D198E89D3006908BB /* Social.framework */; };
		BA92CAAD198EB697006908BB /* FacebookSDK.framework in Frameworks */ = {isa = PBXBuildFile; fileRef = BA92CAAC198EB697006908BB /* FacebookSDK.framework */; };
		BA92CAAF198EB6C6006908BB /* libsqlite3.dylib in Frameworks */ = {isa = PBXBuildFile; fileRef = BA92CAAE198EB6C6006908BB /* libsqlite3.dylib */; };
		BA92CAB1198EB6E1006908BB /* Accounts.framework in Frameworks */ = {isa = PBXBuildFile; fileRef = BA92CAB0198EB6E1006908BB /* Accounts.framework */; };
		BA92CAB3198EB6E8006908BB /* AdSupport.framework in Frameworks */ = {isa = PBXBuildFile; fileRef = BA92CAB2198EB6E8006908BB /* AdSupport.framework */; };
		EC45353E198D7A0400B699EF /* ListViewController.m in Sources */ = {isa = PBXBuildFile; fileRef = EC45353D198D7A0400B699EF /* ListViewController.m */; };
		EC453541198D928100B699EF /* DirecationViewController.m in Sources */ = {isa = PBXBuildFile; fileRef = EC453540198D928100B699EF /* DirecationViewController.m */; };
/* End PBXBuildFile section */

/* Begin PBXContainerItemProxy section */
		5E7BA63E198424B300B1DC48 /* PBXContainerItemProxy */ = {
			isa = PBXContainerItemProxy;
			containerPortal = 5E7BA610198424B300B1DC48 /* Project object */;
			proxyType = 1;
			remoteGlobalIDString = 5E7BA617198424B300B1DC48;
			remoteInfo = "ParkMark-iOS";
		};
/* End PBXContainerItemProxy section */

/* Begin PBXFileReference section */
		5E06C340198E8EA600883319 /* CellTableViewCell.h */ = {isa = PBXFileReference; fileEncoding = 4; lastKnownFileType = sourcecode.c.h; path = CellTableViewCell.h; sourceTree = "<group>"; };
		5E06C341198E8EA600883319 /* CellTableViewCell.m */ = {isa = PBXFileReference; fileEncoding = 4; lastKnownFileType = sourcecode.c.objc; path = CellTableViewCell.m; sourceTree = "<group>"; };
		5E2F9A68198B13DC002BB16B /* ParkViewController.h */ = {isa = PBXFileReference; fileEncoding = 4; lastKnownFileType = sourcecode.c.h; path = ParkViewController.h; sourceTree = "<group>"; };
		5E2F9A69198B13DC002BB16B /* ParkViewController.m */ = {isa = PBXFileReference; fileEncoding = 4; lastKnownFileType = sourcecode.c.objc; path = ParkViewController.m; sourceTree = "<group>"; };
		5E2F9A6B198B1814002BB16B /* CoreLocation.framework */ = {isa = PBXFileReference; lastKnownFileType = wrapper.framework; name = CoreLocation.framework; path = System/Library/Frameworks/CoreLocation.framework; sourceTree = SDKROOT; };
		5E2F9A6D198B1819002BB16B /* MapKit.framework */ = {isa = PBXFileReference; lastKnownFileType = wrapper.framework; name = MapKit.framework; path = System/Library/Frameworks/MapKit.framework; sourceTree = SDKROOT; };
		5E605602198DF5C3002DA794 /* AlarmViewController.h */ = {isa = PBXFileReference; fileEncoding = 4; lastKnownFileType = sourcecode.c.h; path = AlarmViewController.h; sourceTree = "<group>"; };
		5E605603198DF5C3002DA794 /* AlarmViewController.m */ = {isa = PBXFileReference; fileEncoding = 4; lastKnownFileType = sourcecode.c.objc; path = AlarmViewController.m; sourceTree = "<group>"; };
		5E605605198DF5EC002DA794 /* AppDelegate.h */ = {isa = PBXFileReference; fileEncoding = 4; lastKnownFileType = sourcecode.c.h; path = AppDelegate.h; sourceTree = "<group>"; };
		5E605606198DF5EC002DA794 /* AppDelegate.m */ = {isa = PBXFileReference; fileEncoding = 4; lastKnownFileType = sourcecode.c.objc; path = AppDelegate.m; sourceTree = "<group>"; };
		5E60560A198DF8D7002DA794 /* SocialViewController.h */ = {isa = PBXFileReference; fileEncoding = 4; lastKnownFileType = sourcecode.c.h; path = SocialViewController.h; sourceTree = "<group>"; };
		5E60560B198DF8D7002DA794 /* SocialViewController.m */ = {isa = PBXFileReference; fileEncoding = 4; lastKnownFileType = sourcecode.c.objc; path = SocialViewController.m; sourceTree = "<group>"; };
		5E7BA618198424B300B1DC48 /* ParkMark-iOS.app */ = {isa = PBXFileReference; explicitFileType = wrapper.application; includeInIndex = 0; path = "ParkMark-iOS.app"; sourceTree = BUILT_PRODUCTS_DIR; };
		5E7BA61B198424B300B1DC48 /* Foundation.framework */ = {isa = PBXFileReference; lastKnownFileType = wrapper.framework; name = Foundation.framework; path = System/Library/Frameworks/Foundation.framework; sourceTree = SDKROOT; };
		5E7BA61D198424B300B1DC48 /* CoreGraphics.framework */ = {isa = PBXFileReference; lastKnownFileType = wrapper.framework; name = CoreGraphics.framework; path = System/Library/Frameworks/CoreGraphics.framework; sourceTree = SDKROOT; };
		5E7BA61F198424B300B1DC48 /* UIKit.framework */ = {isa = PBXFileReference; lastKnownFileType = wrapper.framework; name = UIKit.framework; path = System/Library/Frameworks/UIKit.framework; sourceTree = SDKROOT; };
		5E7BA623198424B300B1DC48 /* ParkMark-iOS-Info.plist */ = {isa = PBXFileReference; lastKnownFileType = text.plist.xml; path = "ParkMark-iOS-Info.plist"; sourceTree = "<group>"; };
		5E7BA625198424B300B1DC48 /* en */ = {isa = PBXFileReference; lastKnownFileType = text.plist.strings; name = en; path = en.lproj/InfoPlist.strings; sourceTree = "<group>"; };
		5E7BA627198424B300B1DC48 /* main.m */ = {isa = PBXFileReference; lastKnownFileType = sourcecode.c.objc; path = main.m; sourceTree = "<group>"; };
		5E7BA629198424B300B1DC48 /* ParkMark-iOS-Prefix.pch */ = {isa = PBXFileReference; lastKnownFileType = sourcecode.c.h; path = "ParkMark-iOS-Prefix.pch"; sourceTree = "<group>"; };
		5E7BA62E198424B300B1DC48 /* Base */ = {isa = PBXFileReference; lastKnownFileType = file.storyboard; name = Base; path = Base.lproj/Main.storyboard; sourceTree = "<group>"; };
		5E7BA630198424B300B1DC48 /* ViewController.h */ = {isa = PBXFileReference; lastKnownFileType = sourcecode.c.h; path = ViewController.h; sourceTree = "<group>"; };
		5E7BA631198424B300B1DC48 /* ViewController.m */ = {isa = PBXFileReference; lastKnownFileType = sourcecode.c.objc; path = ViewController.m; sourceTree = "<group>"; };
		5E7BA633198424B300B1DC48 /* Images.xcassets */ = {isa = PBXFileReference; lastKnownFileType = folder.assetcatalog; path = Images.xcassets; sourceTree = "<group>"; };
		5E7BA639198424B300B1DC48 /* ParkMark-iOSTests.xctest */ = {isa = PBXFileReference; explicitFileType = wrapper.cfbundle; includeInIndex = 0; path = "ParkMark-iOSTests.xctest"; sourceTree = BUILT_PRODUCTS_DIR; };
		5E7BA63A198424B300B1DC48 /* XCTest.framework */ = {isa = PBXFileReference; lastKnownFileType = wrapper.framework; name = XCTest.framework; path = Library/Frameworks/XCTest.framework; sourceTree = DEVELOPER_DIR; };
		5E7BA642198424B300B1DC48 /* ParkMark-iOSTests-Info.plist */ = {isa = PBXFileReference; lastKnownFileType = text.plist.xml; path = "ParkMark-iOSTests-Info.plist"; sourceTree = "<group>"; };
		5E7BA644198424B300B1DC48 /* en */ = {isa = PBXFileReference; lastKnownFileType = text.plist.strings; name = en; path = en.lproj/InfoPlist.strings; sourceTree = "<group>"; };
		5E7BA646198424B300B1DC48 /* ParkMark_iOSTests.m */ = {isa = PBXFileReference; lastKnownFileType = sourcecode.c.objc; path = ParkMark_iOSTests.m; sourceTree = "<group>"; };
		5EA5678F198BFDA700BCFBDB /* Parse.framework */ = {isa = PBXFileReference; lastKnownFileType = wrapper.framework; path = Parse.framework; sourceTree = "<group>"; };
		5EA56791198BFE1500BCFBDB /* AudioToolbox.framework */ = {isa = PBXFileReference; lastKnownFileType = wrapper.framework; name = AudioToolbox.framework; path = System/Library/Frameworks/AudioToolbox.framework; sourceTree = SDKROOT; };
		5EA56793198BFE4D00BCFBDB /* CFNetwork.framework */ = {isa = PBXFileReference; lastKnownFileType = wrapper.framework; name = CFNetwork.framework; path = System/Library/Frameworks/CFNetwork.framework; sourceTree = SDKROOT; };
		5EA56795198BFE6500BCFBDB /* libz.dylib */ = {isa = PBXFileReference; lastKnownFileType = "compiled.mach-o.dylib"; name = libz.dylib; path = usr/lib/libz.dylib; sourceTree = SDKROOT; };
		5EA56797198BFE6F00BCFBDB /* MobileCoreServices.framework */ = {isa = PBXFileReference; lastKnownFileType = wrapper.framework; name = MobileCoreServices.framework; path = System/Library/Frameworks/MobileCoreServices.framework; sourceTree = SDKROOT; };
		5EA56799198BFE7700BCFBDB /* QuartzCore.framework */ = {isa = PBXFileReference; lastKnownFileType = wrapper.framework; name = QuartzCore.framework; path = System/Library/Frameworks/QuartzCore.framework; sourceTree = SDKROOT; };
		5EA5679B198BFE7E00BCFBDB /* Security.framework */ = {isa = PBXFileReference; lastKnownFileType = wrapper.framework; name = Security.framework; path = System/Library/Frameworks/Security.framework; sourceTree = SDKROOT; };
		5EA5679D198BFE8500BCFBDB /* StoreKit.framework */ = {isa = PBXFileReference; lastKnownFileType = wrapper.framework; name = StoreKit.framework; path = System/Library/Frameworks/StoreKit.framework; sourceTree = SDKROOT; };
		5EA5679F198BFE9100BCFBDB /* SystemConfiguration.framework */ = {isa = PBXFileReference; lastKnownFileType = wrapper.framework; name = SystemConfiguration.framework; path = System/Library/Frameworks/SystemConfiguration.framework; sourceTree = SDKROOT; };
		5EA567A1198C065500BCFBDB /* libz.1.1.3.dylib */ = {isa = PBXFileReference; lastKnownFileType = "compiled.mach-o.dylib"; name = libz.1.1.3.dylib; path = usr/lib/libz.1.1.3.dylib; sourceTree = SDKROOT; };
		5EA567A7198CA91C00BCFBDB /* EventKit.framework */ = {isa = PBXFileReference; lastKnownFileType = wrapper.framework; name = EventKit.framework; path = System/Library/Frameworks/EventKit.framework; sourceTree = SDKROOT; };
		5EA567A9198CA92100BCFBDB /* EventKitUI.framework */ = {isa = PBXFileReference; lastKnownFileType = wrapper.framework; name = EventKitUI.framework; path = System/Library/Frameworks/EventKitUI.framework; sourceTree = SDKROOT; };
		5EAC197D198B4EB1000AC240 /* MapViewController.h */ = {isa = PBXFileReference; fileEncoding = 4; lastKnownFileType = sourcecode.c.h; path = MapViewController.h; sourceTree = "<group>"; };
		5EAC197E198B4EB1000AC240 /* MapViewController.m */ = {isa = PBXFileReference; fileEncoding = 4; lastKnownFileType = sourcecode.c.objc; path = MapViewController.m; sourceTree = "<group>"; };
		BA92C83D198E89D3006908BB /* Social.framework */ = {isa = PBXFileReference; lastKnownFileType = wrapper.framework; name = Social.framework; path = System/Library/Frameworks/Social.framework; sourceTree = SDKROOT; };
		BA92CAAC198EB697006908BB /* FacebookSDK.framework */ = {isa = PBXFileReference; lastKnownFileType = wrapper.framework; name = FacebookSDK.framework; path = ../../../../../Documents/FacebookSDK/FacebookSDK.framework; sourceTree = "<group>"; };
		BA92CAAE198EB6C6006908BB /* libsqlite3.dylib */ = {isa = PBXFileReference; lastKnownFileType = "compiled.mach-o.dylib"; name = libsqlite3.dylib; path = usr/lib/libsqlite3.dylib; sourceTree = SDKROOT; };
		BA92CAB0198EB6E1006908BB /* Accounts.framework */ = {isa = PBXFileReference; lastKnownFileType = wrapper.framework; name = Accounts.framework; path = System/Library/Frameworks/Accounts.framework; sourceTree = SDKROOT; };
		BA92CAB2198EB6E8006908BB /* AdSupport.framework */ = {isa = PBXFileReference; lastKnownFileType = wrapper.framework; name = AdSupport.framework; path = System/Library/Frameworks/AdSupport.framework; sourceTree = SDKROOT; };
		EC45353C198D7A0400B699EF /* ListViewController.h */ = {isa = PBXFileReference; fileEncoding = 4; lastKnownFileType = sourcecode.c.h; path = ListViewController.h; sourceTree = "<group>"; };
		EC45353D198D7A0400B699EF /* ListViewController.m */ = {isa = PBXFileReference; fileEncoding = 4; lastKnownFileType = sourcecode.c.objc; path = ListViewController.m; sourceTree = "<group>"; };
		EC45353F198D928100B699EF /* DirecationViewController.h */ = {isa = PBXFileReference; fileEncoding = 4; lastKnownFileType = sourcecode.c.h; path = DirecationViewController.h; sourceTree = "<group>"; };
		EC453540198D928100B699EF /* DirecationViewController.m */ = {isa = PBXFileReference; fileEncoding = 4; lastKnownFileType = sourcecode.c.objc; path = DirecationViewController.m; sourceTree = "<group>"; };
/* End PBXFileReference section */

/* Begin PBXFrameworksBuildPhase section */
		5E7BA615198424B300B1DC48 /* Frameworks */ = {
			isa = PBXFrameworksBuildPhase;
			buildActionMask = 2147483647;
			files = (
				BA92CAB3198EB6E8006908BB /* AdSupport.framework in Frameworks */,
				BA92CAB1198EB6E1006908BB /* Accounts.framework in Frameworks */,
				5EA5679C198BFE7E00BCFBDB /* Security.framework in Frameworks */,
				BA92CAAF198EB6C6006908BB /* libsqlite3.dylib in Frameworks */,
				BA92C83E198E89D4006908BB /* Social.framework in Frameworks */,
				5EA567AA198CA92100BCFBDB /* EventKitUI.framework in Frameworks */,
				5EA567A8198CA91C00BCFBDB /* EventKit.framework in Frameworks */,
				5EA567A2198C065500BCFBDB /* libz.1.1.3.dylib in Frameworks */,
				5EA567A0198BFE9100BCFBDB /* SystemConfiguration.framework in Frameworks */,
				BA92CAAD198EB697006908BB /* FacebookSDK.framework in Frameworks */,
				5EA5679E198BFE8500BCFBDB /* StoreKit.framework in Frameworks */,
				5EA5679A198BFE7700BCFBDB /* QuartzCore.framework in Frameworks */,
				5EA56798198BFE6F00BCFBDB /* MobileCoreServices.framework in Frameworks */,
				5E2F9A6C198B1814002BB16B /* CoreLocation.framework in Frameworks */,
				5E7BA61E198424B300B1DC48 /* CoreGraphics.framework in Frameworks */,
				5EA56794198BFE4D00BCFBDB /* CFNetwork.framework in Frameworks */,
				5EA56792198BFE1500BCFBDB /* AudioToolbox.framework in Frameworks */,
				5E2F9A6E198B1819002BB16B /* MapKit.framework in Frameworks */,
				5E7BA620198424B300B1DC48 /* UIKit.framework in Frameworks */,
				5EA56790198BFDA700BCFBDB /* Parse.framework in Frameworks */,
				5E7BA61C198424B300B1DC48 /* Foundation.framework in Frameworks */,
			);
			runOnlyForDeploymentPostprocessing = 0;
		};
		5E7BA636198424B300B1DC48 /* Frameworks */ = {
			isa = PBXFrameworksBuildPhase;
			buildActionMask = 2147483647;
			files = (
				5E7BA63B198424B300B1DC48 /* XCTest.framework in Frameworks */,
				5E7BA63D198424B300B1DC48 /* UIKit.framework in Frameworks */,
				5E7BA63C198424B300B1DC48 /* Foundation.framework in Frameworks */,
			);
			runOnlyForDeploymentPostprocessing = 0;
		};
/* End PBXFrameworksBuildPhase section */

/* Begin PBXGroup section */
		5E7BA60F198424B300B1DC48 = {
			isa = PBXGroup;
			children = (
				5E7BA621198424B300B1DC48 /* ParkMark-iOS */,
				5E7BA640198424B300B1DC48 /* ParkMark-iOSTests */,
				5E7BA61A198424B300B1DC48 /* Frameworks */,
				5E7BA619198424B300B1DC48 /* Products */,
			);
			sourceTree = "<group>";
		};
		5E7BA619198424B300B1DC48 /* Products */ = {
			isa = PBXGroup;
			children = (
				5E7BA618198424B300B1DC48 /* ParkMark-iOS.app */,
				5E7BA639198424B300B1DC48 /* ParkMark-iOSTests.xctest */,
			);
			name = Products;
			sourceTree = "<group>";
		};
		5E7BA61A198424B300B1DC48 /* Frameworks */ = {
			isa = PBXGroup;
			children = (
				BA92CAB2198EB6E8006908BB /* AdSupport.framework */,
				BA92CAB0198EB6E1006908BB /* Accounts.framework */,
				BA92CAAE198EB6C6006908BB /* libsqlite3.dylib */,
				BA92CAAC198EB697006908BB /* FacebookSDK.framework */,
				BA92C83D198E89D3006908BB /* Social.framework */,
				5EA567A9198CA92100BCFBDB /* EventKitUI.framework */,
				5EA567A7198CA91C00BCFBDB /* EventKit.framework */,
				5EA567A1198C065500BCFBDB /* libz.1.1.3.dylib */,
				5EA5679F198BFE9100BCFBDB /* SystemConfiguration.framework */,
				5EA5679D198BFE8500BCFBDB /* StoreKit.framework */,
				5EA5679B198BFE7E00BCFBDB /* Security.framework */,
				5EA56799198BFE7700BCFBDB /* QuartzCore.framework */,
				5EA56797198BFE6F00BCFBDB /* MobileCoreServices.framework */,
				5EA56795198BFE6500BCFBDB /* libz.dylib */,
				5EA56793198BFE4D00BCFBDB /* CFNetwork.framework */,
				5EA56791198BFE1500BCFBDB /* AudioToolbox.framework */,
				5EA5678F198BFDA700BCFBDB /* Parse.framework */,
				5E2F9A6D198B1819002BB16B /* MapKit.framework */,
				5E2F9A6B198B1814002BB16B /* CoreLocation.framework */,
				5E7BA61B198424B300B1DC48 /* Foundation.framework */,
				5E7BA61D198424B300B1DC48 /* CoreGraphics.framework */,
				5E7BA61F198424B300B1DC48 /* UIKit.framework */,
				5E7BA63A198424B300B1DC48 /* XCTest.framework */,
			);
			name = Frameworks;
			sourceTree = "<group>";
		};
		5E7BA621198424B300B1DC48 /* ParkMark-iOS */ = {
			isa = PBXGroup;
			children = (
				5E605605198DF5EC002DA794 /* AppDelegate.h */,
				5E605606198DF5EC002DA794 /* AppDelegate.m */,
				5E7BA62D198424B300B1DC48 /* Main.storyboard */,
				5E60560A198DF8D7002DA794 /* SocialViewController.h */,
				5E60560B198DF8D7002DA794 /* SocialViewController.m */,
				5E605602198DF5C3002DA794 /* AlarmViewController.h */,
				5E605603198DF5C3002DA794 /* AlarmViewController.m */,
				EC45353F198D928100B699EF /* DirecationViewController.h */,
				EC453540198D928100B699EF /* DirecationViewController.m */,
				EC45353C198D7A0400B699EF /* ListViewController.h */,
				EC45353D198D7A0400B699EF /* ListViewController.m */,
				5E06C340198E8EA600883319 /* CellTableViewCell.h */,
				5E06C341198E8EA600883319 /* CellTableViewCell.m */,
				5EAC197D198B4EB1000AC240 /* MapViewController.h */,
				5EAC197E198B4EB1000AC240 /* MapViewController.m */,
				5E2F9A68198B13DC002BB16B /* ParkViewController.h */,
				5E2F9A69198B13DC002BB16B /* ParkViewController.m */,
				5E7BA630198424B300B1DC48 /* ViewController.h */,
				5E7BA631198424B300B1DC48 /* ViewController.m */,
				5E7BA633198424B300B1DC48 /* Images.xcassets */,
				5E7BA622198424B300B1DC48 /* Supporting Files */,
			);
			path = "ParkMark-iOS";
			sourceTree = "<group>";
		};
		5E7BA622198424B300B1DC48 /* Supporting Files */ = {
			isa = PBXGroup;
			children = (
				5E7BA623198424B300B1DC48 /* ParkMark-iOS-Info.plist */,
				5E7BA624198424B300B1DC48 /* InfoPlist.strings */,
				5E7BA627198424B300B1DC48 /* main.m */,
				5E7BA629198424B300B1DC48 /* ParkMark-iOS-Prefix.pch */,
			);
			name = "Supporting Files";
			sourceTree = "<group>";
		};
		5E7BA640198424B300B1DC48 /* ParkMark-iOSTests */ = {
			isa = PBXGroup;
			children = (
				5E7BA646198424B300B1DC48 /* ParkMark_iOSTests.m */,
				5E7BA641198424B300B1DC48 /* Supporting Files */,
			);
			path = "ParkMark-iOSTests";
			sourceTree = "<group>";
		};
		5E7BA641198424B300B1DC48 /* Supporting Files */ = {
			isa = PBXGroup;
			children = (
				5E7BA642198424B300B1DC48 /* ParkMark-iOSTests-Info.plist */,
				5E7BA643198424B300B1DC48 /* InfoPlist.strings */,
			);
			name = "Supporting Files";
			sourceTree = "<group>";
		};
/* End PBXGroup section */

/* Begin PBXNativeTarget section */
		5E7BA617198424B300B1DC48 /* ParkMark-iOS */ = {
			isa = PBXNativeTarget;
			buildConfigurationList = 5E7BA64A198424B300B1DC48 /* Build configuration list for PBXNativeTarget "ParkMark-iOS" */;
			buildPhases = (
				5E7BA614198424B300B1DC48 /* Sources */,
				5E7BA615198424B300B1DC48 /* Frameworks */,
				5E7BA616198424B300B1DC48 /* Resources */,
			);
			buildRules = (
			);
			dependencies = (
			);
			name = "ParkMark-iOS";
			productName = "ParkMark-iOS";
			productReference = 5E7BA618198424B300B1DC48 /* ParkMark-iOS.app */;
			productType = "com.apple.product-type.application";
		};
		5E7BA638198424B300B1DC48 /* ParkMark-iOSTests */ = {
			isa = PBXNativeTarget;
			buildConfigurationList = 5E7BA64D198424B300B1DC48 /* Build configuration list for PBXNativeTarget "ParkMark-iOSTests" */;
			buildPhases = (
				5E7BA635198424B300B1DC48 /* Sources */,
				5E7BA636198424B300B1DC48 /* Frameworks */,
				5E7BA637198424B300B1DC48 /* Resources */,
			);
			buildRules = (
			);
			dependencies = (
				5E7BA63F198424B300B1DC48 /* PBXTargetDependency */,
			);
			name = "ParkMark-iOSTests";
			productName = "ParkMark-iOSTests";
			productReference = 5E7BA639198424B300B1DC48 /* ParkMark-iOSTests.xctest */;
			productType = "com.apple.product-type.bundle.unit-test";
		};
/* End PBXNativeTarget section */

/* Begin PBXProject section */
		5E7BA610198424B300B1DC48 /* Project object */ = {
			isa = PBXProject;
			attributes = {
				LastUpgradeCheck = 0510;
				ORGANIZATIONNAME = Leif;
				TargetAttributes = {
					5E7BA638198424B300B1DC48 = {
						TestTargetID = 5E7BA617198424B300B1DC48;
					};
				};
			};
			buildConfigurationList = 5E7BA613198424B300B1DC48 /* Build configuration list for PBXProject "ParkMark-iOS" */;
			compatibilityVersion = "Xcode 3.2";
			developmentRegion = English;
			hasScannedForEncodings = 0;
			knownRegions = (
				en,
				Base,
			);
			mainGroup = 5E7BA60F198424B300B1DC48;
			productRefGroup = 5E7BA619198424B300B1DC48 /* Products */;
			projectDirPath = "";
			projectRoot = "";
			targets = (
				5E7BA617198424B300B1DC48 /* ParkMark-iOS */,
				5E7BA638198424B300B1DC48 /* ParkMark-iOSTests */,
			);
		};
/* End PBXProject section */

/* Begin PBXResourcesBuildPhase section */
		5E7BA616198424B300B1DC48 /* Resources */ = {
			isa = PBXResourcesBuildPhase;
			buildActionMask = 2147483647;
			files = (
				5E7BA634198424B300B1DC48 /* Images.xcassets in Resources */,
				5E7BA626198424B300B1DC48 /* InfoPlist.strings in Resources */,
				5E7BA62F198424B300B1DC48 /* Main.storyboard in Resources */,
			);
			runOnlyForDeploymentPostprocessing = 0;
		};
		5E7BA637198424B300B1DC48 /* Resources */ = {
			isa = PBXResourcesBuildPhase;
			buildActionMask = 2147483647;
			files = (
				5E7BA645198424B300B1DC48 /* InfoPlist.strings in Resources */,
			);
			runOnlyForDeploymentPostprocessing = 0;
		};
/* End PBXResourcesBuildPhase section */

/* Begin PBXSourcesBuildPhase section */
		5E7BA614198424B300B1DC48 /* Sources */ = {
			isa = PBXSourcesBuildPhase;
			buildActionMask = 2147483647;
			files = (
				5E2F9A6A198B13DC002BB16B /* ParkViewController.m in Sources */,
				EC45353E198D7A0400B699EF /* ListViewController.m in Sources */,
				5E7BA632198424B300B1DC48 /* ViewController.m in Sources */,
				5E60560C198DF8D7002DA794 /* SocialViewController.m in Sources */,
				5EAC197F198B4EB1000AC240 /* MapViewController.m in Sources */,
				5E605607198DF5EC002DA794 /* AppDelegate.m in Sources */,
				5E605604198DF5C3002DA794 /* AlarmViewController.m in Sources */,
				EC453541198D928100B699EF /* DirecationViewController.m in Sources */,
				5E7BA628198424B300B1DC48 /* main.m in Sources */,
				5E06C342198E8EA700883319 /* CellTableViewCell.m in Sources */,
			);
			runOnlyForDeploymentPostprocessing = 0;
		};
		5E7BA635198424B300B1DC48 /* Sources */ = {
			isa = PBXSourcesBuildPhase;
			buildActionMask = 2147483647;
			files = (
				5E7BA647198424B300B1DC48 /* ParkMark_iOSTests.m in Sources */,
			);
			runOnlyForDeploymentPostprocessing = 0;
		};
/* End PBXSourcesBuildPhase section */

/* Begin PBXTargetDependency section */
		5E7BA63F198424B300B1DC48 /* PBXTargetDependency */ = {
			isa = PBXTargetDependency;
			target = 5E7BA617198424B300B1DC48 /* ParkMark-iOS */;
			targetProxy = 5E7BA63E198424B300B1DC48 /* PBXContainerItemProxy */;
		};
/* End PBXTargetDependency section */

/* Begin PBXVariantGroup section */
		5E7BA624198424B300B1DC48 /* InfoPlist.strings */ = {
			isa = PBXVariantGroup;
			children = (
				5E7BA625198424B300B1DC48 /* en */,
			);
			name = InfoPlist.strings;
			sourceTree = "<group>";
		};
		5E7BA62D198424B300B1DC48 /* Main.storyboard */ = {
			isa = PBXVariantGroup;
			children = (
				5E7BA62E198424B300B1DC48 /* Base */,
			);
			name = Main.storyboard;
			sourceTree = "<group>";
		};
		5E7BA643198424B300B1DC48 /* InfoPlist.strings */ = {
			isa = PBXVariantGroup;
			children = (
				5E7BA644198424B300B1DC48 /* en */,
			);
			name = InfoPlist.strings;
			sourceTree = "<group>";
		};
/* End PBXVariantGroup section */

/* Begin XCBuildConfiguration section */
		5E7BA648198424B300B1DC48 /* Debug */ = {
			isa = XCBuildConfiguration;
			buildSettings = {
				ALWAYS_SEARCH_USER_PATHS = NO;
				CLANG_CXX_LANGUAGE_STANDARD = "gnu++0x";
				CLANG_CXX_LIBRARY = "libc++";
				CLANG_ENABLE_MODULES = YES;
				CLANG_ENABLE_OBJC_ARC = YES;
				CLANG_WARN_BOOL_CONVERSION = YES;
				CLANG_WARN_CONSTANT_CONVERSION = YES;
				CLANG_WARN_DIRECT_OBJC_ISA_USAGE = YES_ERROR;
				CLANG_WARN_EMPTY_BODY = YES;
				CLANG_WARN_ENUM_CONVERSION = YES;
				CLANG_WARN_INT_CONVERSION = YES;
				CLANG_WARN_OBJC_ROOT_CLASS = YES_ERROR;
				CLANG_WARN__DUPLICATE_METHOD_MATCH = YES;
				"CODE_SIGN_IDENTITY[sdk=iphoneos*]" = "iPhone Developer";
				COPY_PHASE_STRIP = NO;
				GCC_C_LANGUAGE_STANDARD = gnu99;
				GCC_DYNAMIC_NO_PIC = NO;
				GCC_OPTIMIZATION_LEVEL = 0;
				GCC_PREPROCESSOR_DEFINITIONS = (
					"DEBUG=1",
					"$(inherited)",
				);
				GCC_SYMBOLS_PRIVATE_EXTERN = NO;
				GCC_WARN_64_TO_32_BIT_CONVERSION = YES;
				GCC_WARN_ABOUT_RETURN_TYPE = YES_ERROR;
				GCC_WARN_UNDECLARED_SELECTOR = YES;
				GCC_WARN_UNINITIALIZED_AUTOS = YES_AGGRESSIVE;
				GCC_WARN_UNUSED_FUNCTION = YES;
				GCC_WARN_UNUSED_VARIABLE = YES;
				IPHONEOS_DEPLOYMENT_TARGET = 7.1;
				ONLY_ACTIVE_ARCH = YES;
				SDKROOT = iphoneos;
			};
			name = Debug;
		};
		5E7BA649198424B300B1DC48 /* Release */ = {
			isa = XCBuildConfiguration;
			buildSettings = {
				ALWAYS_SEARCH_USER_PATHS = NO;
				CLANG_CXX_LANGUAGE_STANDARD = "gnu++0x";
				CLANG_CXX_LIBRARY = "libc++";
				CLANG_ENABLE_MODULES = YES;
				CLANG_ENABLE_OBJC_ARC = YES;
				CLANG_WARN_BOOL_CONVERSION = YES;
				CLANG_WARN_CONSTANT_CONVERSION = YES;
				CLANG_WARN_DIRECT_OBJC_ISA_USAGE = YES_ERROR;
				CLANG_WARN_EMPTY_BODY = YES;
				CLANG_WARN_ENUM_CONVERSION = YES;
				CLANG_WARN_INT_CONVERSION = YES;
				CLANG_WARN_OBJC_ROOT_CLASS = YES_ERROR;
				CLANG_WARN__DUPLICATE_METHOD_MATCH = YES;
				"CODE_SIGN_IDENTITY[sdk=iphoneos*]" = "iPhone Developer";
				COPY_PHASE_STRIP = YES;
				ENABLE_NS_ASSERTIONS = NO;
				GCC_C_LANGUAGE_STANDARD = gnu99;
				GCC_WARN_64_TO_32_BIT_CONVERSION = YES;
				GCC_WARN_ABOUT_RETURN_TYPE = YES_ERROR;
				GCC_WARN_UNDECLARED_SELECTOR = YES;
				GCC_WARN_UNINITIALIZED_AUTOS = YES_AGGRESSIVE;
				GCC_WARN_UNUSED_FUNCTION = YES;
				GCC_WARN_UNUSED_VARIABLE = YES;
				IPHONEOS_DEPLOYMENT_TARGET = 7.1;
				SDKROOT = iphoneos;
				VALIDATE_PRODUCT = YES;
			};
			name = Release;
		};
		5E7BA64B198424B300B1DC48 /* Debug */ = {
			isa = XCBuildConfiguration;
			buildSettings = {
				ASSETCATALOG_COMPILER_APPICON_NAME = AppIcon;
				ASSETCATALOG_COMPILER_LAUNCHIMAGE_NAME = LaunchImage;
				FRAMEWORK_SEARCH_PATHS = (
					"$(inherited)",
					"$(PROJECT_DIR)",
					/Users/yujia/Documents/FacebookSDK,
				);
				GCC_PRECOMPILE_PREFIX_HEADER = YES;
				GCC_PREFIX_HEADER = "ParkMark-iOS/ParkMark-iOS-Prefix.pch";
				INFOPLIST_FILE = "ParkMark-iOS/ParkMark-iOS-Info.plist";
				PRODUCT_NAME = "$(TARGET_NAME)";
				WRAPPER_EXTENSION = app;
			};
			name = Debug;
		};
		5E7BA64C198424B300B1DC48 /* Release */ = {
			isa = XCBuildConfiguration;
			buildSettings = {
				ASSETCATALOG_COMPILER_APPICON_NAME = AppIcon;
				ASSETCATALOG_COMPILER_LAUNCHIMAGE_NAME = LaunchImage;
				FRAMEWORK_SEARCH_PATHS = (
					"$(inherited)",
					"$(PROJECT_DIR)",
					/Users/yujia/Documents/FacebookSDK,
				);
				GCC_PRECOMPILE_PREFIX_HEADER = YES;
				GCC_PREFIX_HEADER = "ParkMark-iOS/ParkMark-iOS-Prefix.pch";
				INFOPLIST_FILE = "ParkMark-iOS/ParkMark-iOS-Info.plist";
				PRODUCT_NAME = "$(TARGET_NAME)";
				WRAPPER_EXTENSION = app;
			};
			name = Release;
		};
		5E7BA64E198424B300B1DC48 /* Debug */ = {
			isa = XCBuildConfiguration;
			buildSettings = {
				BUNDLE_LOADER = "$(BUILT_PRODUCTS_DIR)/ParkMark-iOS.app/ParkMark-iOS";
				FRAMEWORK_SEARCH_PATHS = (
					"$(SDKROOT)/Developer/Library/Frameworks",
					"$(inherited)",
					"$(DEVELOPER_FRAMEWORKS_DIR)",
				);
				GCC_PRECOMPILE_PREFIX_HEADER = YES;
				GCC_PREFIX_HEADER = "ParkMark-iOS/ParkMark-iOS-Prefix.pch";
				GCC_PREPROCESSOR_DEFINITIONS = (
					"DEBUG=1",
					"$(inherited)",
				);
				INFOPLIST_FILE = "ParkMark-iOSTests/ParkMark-iOSTests-Info.plist";
				PRODUCT_NAME = "$(TARGET_NAME)";
				TEST_HOST = "$(BUNDLE_LOADER)";
				WRAPPER_EXTENSION = xctest;
			};
			name = Debug;
		};
		5E7BA64F198424B300B1DC48 /* Release */ = {
			isa = XCBuildConfiguration;
			buildSettings = {
				BUNDLE_LOADER = "$(BUILT_PRODUCTS_DIR)/ParkMark-iOS.app/ParkMark-iOS";
				FRAMEWORK_SEARCH_PATHS = (
					"$(SDKROOT)/Developer/Library/Frameworks",
					"$(inherited)",
					"$(DEVELOPER_FRAMEWORKS_DIR)",
				);
				GCC_PRECOMPILE_PREFIX_HEADER = YES;
				GCC_PREFIX_HEADER = "ParkMark-iOS/ParkMark-iOS-Prefix.pch";
				INFOPLIST_FILE = "ParkMark-iOSTests/ParkMark-iOSTests-Info.plist";
				PRODUCT_NAME = "$(TARGET_NAME)";
				TEST_HOST = "$(BUNDLE_LOADER)";
				WRAPPER_EXTENSION = xctest;
			};
			name = Release;
		};
/* End XCBuildConfiguration section */

/* Begin XCConfigurationList section */
		5E7BA613198424B300B1DC48 /* Build configuration list for PBXProject "ParkMark-iOS" */ = {
			isa = XCConfigurationList;
			buildConfigurations = (
				5E7BA648198424B300B1DC48 /* Debug */,
				5E7BA649198424B300B1DC48 /* Release */,
			);
			defaultConfigurationIsVisible = 0;
			defaultConfigurationName = Release;
		};
		5E7BA64A198424B300B1DC48 /* Build configuration list for PBXNativeTarget "ParkMark-iOS" */ = {
			isa = XCConfigurationList;
			buildConfigurations = (
				5E7BA64B198424B300B1DC48 /* Debug */,
				5E7BA64C198424B300B1DC48 /* Release */,
			);
			defaultConfigurationIsVisible = 0;
			defaultConfigurationName = Release;
		};
		5E7BA64D198424B300B1DC48 /* Build configuration list for PBXNativeTarget "ParkMark-iOSTests" */ = {
			isa = XCConfigurationList;
			buildConfigurations = (
				5E7BA64E198424B300B1DC48 /* Debug */,
				5E7BA64F198424B300B1DC48 /* Release */,
			);
			defaultConfigurationIsVisible = 0;
			defaultConfigurationName = Release;
		};
/* End XCConfigurationList section */
	};
	rootObject = 5E7BA610198424B300B1DC48 /* Project object */;
}
